
Microsoft Visual Studio Solution File, Format Version 12.00
# Visual Studio Version 16
VisualStudioVersion = 16.0.31729.503
MinimumVisualStudioVersion = 10.0.40219.1
Project("{FAE04EC0-301F-11D3-BF4B-00C04F79EFBC}") = "CosmosDbDemo", "CosmosDbDemo\CosmosDbDemo.csproj", "{1058B656-7E67-44C8-B15F-D8DB5826ACB2}"
EndProject
Global
	GlobalSection(SolutionConfigurationPlatforms) = preSolution
		Debug|Any CPU = Debug|Any CPU
		Release|Any CPU = Release|Any CPU
	EndGlobalSection
	GlobalSection(ProjectConfigurationPlatforms) = postSolution
		{1058B656-7E67-44C8-B15F-D8DB5826ACB2}.Debug|Any CPU.ActiveCfg = Debug|Any CPU
		{1058B656-7E67-44C8-B15F-D8DB5826ACB2}.Debug|Any CPU.Build.0 = Debug|Any CPU
		{1058B656-7E67-44C8-B15F-D8DB5826ACB2}.Release|Any CPU.ActiveCfg = Release|Any CPU
		{1058B656-7E67-44C8-B15F-D8DB5826ACB2}.Release|Any CPU.Build.0 = Release|Any CPU
	EndGlobalSection
	GlobalSection(SolutionProperties) = preSolution
		HideSolutionNode = FALSE
	EndGlobalSection
	GlobalSection(ExtensibilityGlobals) = postSolution
		SolutionGuid = {527F11A8-5745-4427-97CA-FD8C55B76027}
	EndGlobalSection
EndGlobal
